
Microsoft Visual Studio Solution File, Format Version 12.00
# Visual Studio 15
VisualStudioVersion = 15.0.27428.2037
MinimumVisualStudioVersion = 10.0.40219.1
Project("{FAE04EC0-301F-11D3-BF4B-00C04F79EFBC}") = "ExcelMerge", "ExcelMerge\ExcelMerge.csproj", "{45F4B921-DA9F-4F05-81B5-C2763864BD11}"
EndProject
Project("{FAE04EC0-301F-11D3-BF4B-00C04F79EFBC}") = "ExcelMerge.Test", "ExcelMerge.Test\ExcelMerge.Test.csproj", "{C2E5F82D-0252-43F0-BCB1-C564BDDA2F7F}"
EndProject
Global
	GlobalSection(SolutionConfigurationPlatforms) = preSolution
		Debug|Any CPU = Debug|Any CPU
		Release|Any CPU = Release|Any CPU
	EndGlobalSection
	GlobalSection(ProjectConfigurationPlatforms) = postSolution
		{45F4B921-DA9F-4F05-81B5-C2763864BD11}.Debug|Any CPU.ActiveCfg = Debug|Any CPU
		{45F4B921-DA9F-4F05-81B5-C2763864BD11}.Debug|Any CPU.Build.0 = Debug|Any CPU
		{45F4B921-DA9F-4F05-81B5-C2763864BD11}.Release|Any CPU.ActiveCfg = Release|Any CPU
		{45F4B921-DA9F-4F05-81B5-C2763864BD11}.Release|Any CPU.Build.0 = Release|Any CPU
		{C2E5F82D-0252-43F0-BCB1-C564BDDA2F7F}.Debug|Any CPU.ActiveCfg = Debug|Any CPU
		{C2E5F82D-0252-43F0-BCB1-C564BDDA2F7F}.Debug|Any CPU.Build.0 = Debug|Any CPU
		{C2E5F82D-0252-43F0-BCB1-C564BDDA2F7F}.Release|Any CPU.ActiveCfg = Release|Any CPU
		{C2E5F82D-0252-43F0-BCB1-C564BDDA2F7F}.Release|Any CPU.Build.0 = Release|Any CPU
	EndGlobalSection
	GlobalSection(SolutionProperties) = preSolution
		HideSolutionNode = FALSE
	EndGlobalSection
	GlobalSection(ExtensibilityGlobals) = postSolution
		SolutionGuid = {C7753536-68A2-42EC-8DA4-79799FE5D0BC}
	EndGlobalSection
EndGlobal
